// !$*UTF8*$!
{
	archiveVersion = 1;
	classes = {
	};
	objectVersion = 46;
	objects = {

/* Begin PBXBuildFile section */
		2EFE12D41E9B4FB6000A6D27 /* main.m in Sources */ = {isa = PBXBuildFile; fileRef = 2EFE12D31E9B4FB6000A6D27 /* main.m */; };
		2EFE12D71E9B4FB6000A6D27 /* AppDelegate.m in Sources */ = {isa = PBXBuildFile; fileRef = 2EFE12D61E9B4FB6000A6D27 /* AppDelegate.m */; };
		2EFE12DA1E9B4FB6000A6D27 /* ViewController.m in Sources */ = {isa = PBXBuildFile; fileRef = 2EFE12D91E9B4FB6000A6D27 /* ViewController.m */; };
		2EFE12DD1E9B4FB6000A6D27 /* Main.storyboard in Resources */ = {isa = PBXBuildFile; fileRef = 2EFE12DB1E9B4FB6000A6D27 /* Main.storyboard */; };
		2EFE12DF1E9B4FB6000A6D27 /* Assets.xcassets in Resources */ = {isa = PBXBuildFile; fileRef = 2EFE12DE1E9B4FB6000A6D27 /* Assets.xcassets */; };
		2EFE12E21E9B4FB6000A6D27 /* LaunchScreen.storyboard in Resources */ = {isa = PBXBuildFile; fileRef = 2EFE12E01E9B4FB6000A6D27 /* LaunchScreen.storyboard */; };
		2EFE12ED1E9B4FB7000A6D27 /* AnimationTests.m in Sources */ = {isa = PBXBuildFile; fileRef = 2EFE12EC1E9B4FB7000A6D27 /* AnimationTests.m */; };
		2EFE12F81E9B4FB7000A6D27 /* AnimationUITests.m in Sources */ = {isa = PBXBuildFile; fileRef = 2EFE12F71E9B4FB7000A6D27 /* AnimationUITests.m */; };
/* End PBXBuildFile section */

/* Begin PBXContainerItemProxy section */
		2EFE12E91E9B4FB7000A6D27 /* PBXContainerItemProxy */ = {
			isa = PBXContainerItemProxy;
			containerPortal = 2EFE12C71E9B4FB6000A6D27 /* Project object */;
			proxyType = 1;
			remoteGlobalIDString = 2EFE12CE1E9B4FB6000A6D27;
			remoteInfo = Animation;
		};
		2EFE12F41E9B4FB7000A6D27 /* PBXContainerItemProxy */ = {
			isa = PBXContainerItemProxy;
			containerPortal = 2EFE12C71E9B4FB6000A6D27 /* Project object */;
			proxyType = 1;
			remoteGlobalIDString = 2EFE12CE1E9B4FB6000A6D27;
			remoteInfo = Animation;
		};
/* End PBXContainerItemProxy section */

/* Begin PBXFileReference section */
		2EFE12CF1E9B4FB6000A6D27 /* Animation.app */ = {isa = PBXFileReference; explicitFileType = wrapper.application; includeInIndex = 0; path = Animation.app; sourceTree = BUILT_PRODUCTS_DIR; };
		2EFE12D31E9B4FB6000A6D27 /* main.m */ = {isa = PBXFileReference; lastKnownFileType = sourcecode.c.objc; path = main.m; sourceTree = "<group>"; };
		2EFE12D51E9B4FB6000A6D27 /* AppDelegate.h */ = {isa = PBXFileReference; lastKnownFileType = sourcecode.c.h; path = AppDelegate.h; sourceTree = "<group>"; };
		2EFE12D61E9B4FB6000A6D27 /* AppDelegate.m */ = {isa = PBXFileReference; lastKnownFileType = sourcecode.c.objc; path = AppDelegate.m; sourceTree = "<group>"; };
		2EFE12D81E9B4FB6000A6D27 /* ViewController.h */ = {isa = PBXFileReference; lastKnownFileType = sourcecode.c.h; path = ViewController.h; sourceTree = "<group>"; };
		2EFE12D91E9B4FB6000A6D27 /* ViewController.m */ = {isa = PBXFileReference; lastKnownFileType = sourcecode.c.objc; path = ViewController.m; sourceTree = "<group>"; };
		2EFE12DC1E9B4FB6000A6D27 /* Base */ = {isa = PBXFileReference; lastKnownFileType = file.storyboard; name = Base; path = Base.lproj/Main.storyboard; sourceTree = "<group>"; };
		2EFE12DE1E9B4FB6000A6D27 /* Assets.xcassets */ = {isa = PBXFileReference; lastKnownFileType = folder.assetcatalog; path = Assets.xcassets; sourceTree = "<group>"; };
		2EFE12E11E9B4FB6000A6D27 /* Base */ = {isa = PBXFileReference; lastKnownFileType = file.storyboard; name = Base; path = Base.lproj/LaunchScreen.storyboard; sourceTree = "<group>"; };
		2EFE12E31E9B4FB6000A6D27 /* Info.plist */ = {isa = PBXFileReference; lastKnownFileType = text.plist.xml; path = Info.plist; sourceTree = "<group>"; };
		2EFE12E81E9B4FB7000A6D27 /* AnimationTests.xctest */ = {isa = PBXFileReference; explicitFileType = wrapper.cfbundle; includeInIndex = 0; path = AnimationTests.xctest; sourceTree = BUILT_PRODUCTS_DIR; };
		2EFE12EC1E9B4FB7000A6D27 /* AnimationTests.m */ = {isa = PBXFileReference; lastKnownFileType = sourcecode.c.objc; path = AnimationTests.m; sourceTree = "<group>"; };
		2EFE12EE1E9B4FB7000A6D27 /* Info.plist */ = {isa = PBXFileReference; lastKnownFileType = text.plist.xml; path = Info.plist; sourceTree = "<group>"; };
		2EFE12F31E9B4FB7000A6D27 /* AnimationUITests.xctest */ = {isa = PBXFileReference; explicitFileType = wrapper.cfbundle; includeInIndex = 0; path = AnimationUITests.xctest; sourceTree = BUILT_PRODUCTS_DIR; };
		2EFE12F71E9B4FB7000A6D27 /* AnimationUITests.m */ = {isa = PBXFileReference; lastKnownFileType = sourcecode.c.objc; path = AnimationUITests.m; sourceTree = "<group>"; };
		2EFE12F91E9B4FB7000A6D27 /* Info.plist */ = {isa = PBXFileReference; lastKnownFileType = text.plist.xml; path = Info.plist; sourceTree = "<group>"; };
/* End PBXFileReference section */

/* Begin PBXFrameworksBuildPhase section */
		2EFE12CC1E9B4FB6000A6D27 /* Frameworks */ = {
			isa = PBXFrameworksBuildPhase;
			buildActionMask = 2147483647;
			files = (
			);
			runOnlyForDeploymentPostprocessing = 0;
		};
		2EFE12E51E9B4FB7000A6D27 /* Frameworks */ = {
			isa = PBXFrameworksBuildPhase;
			buildActionMask = 2147483647;
			files = (
			);
			runOnlyForDeploymentPostprocessing = 0;
		};
		2EFE12F01E9B4FB7000A6D27 /* Frameworks */ = {
			isa = PBXFrameworksBuildPhase;
			buildActionMask = 2147483647;
			files = (
			);
			runOnlyForDeploymentPostprocessing = 0;
		};
/* End PBXFrameworksBuildPhase section */

/* Begin PBXGroup section */
		2EFE12C61E9B4FB6000A6D27 = {
			isa = PBXGroup;
			children = (
				2EFE12D11E9B4FB6000A6D27 /* Animation */,
				2EFE12EB1E9B4FB7000A6D27 /* AnimationTests */,
				2EFE12F61E9B4FB7000A6D27 /* AnimationUITests */,
				2EFE12D01E9B4FB6000A6D27 /* Products */,
			);
			sourceTree = "<group>";
		};
		2EFE12D01E9B4FB6000A6D27 /* Products */ = {
			isa = PBXGroup;
			children = (
				2EFE12CF1E9B4FB6000A6D27 /* Animation.app */,
				2EFE12E81E9B4FB7000A6D27 /* AnimationTests.xctest */,
				2EFE12F31E9B4FB7000A6D27 /* AnimationUITests.xctest */,
			);
			name = Products;
			sourceTree = "<group>";
		};
		2EFE12D11E9B4FB6000A6D27 /* Animation */ = {
			isa = PBXGroup;
			children = (
				2EFE12D51E9B4FB6000A6D27 /* AppDelegate.h */,
				2EFE12D61E9B4FB6000A6D27 /* AppDelegate.m */,
				2EFE12D81E9B4FB6000A6D27 /* ViewController.h */,
				2EFE12D91E9B4FB6000A6D27 /* ViewController.m */,
				2EFE12DB1E9B4FB6000A6D27 /* Main.storyboard */,
				2EFE12DE1E9B4FB6000A6D27 /* Assets.xcassets */,
				2EFE12E01E9B4FB6000A6D27 /* LaunchScreen.storyboard */,
				2EFE12E31E9B4FB6000A6D27 /* Info.plist */,
				2EFE12D21E9B4FB6000A6D27 /* Supporting Files */,
			);
			path = Animation;
			sourceTree = "<group>";
		};
		2EFE12D21E9B4FB6000A6D27 /* Supporting Files */ = {
			isa = PBXGroup;
			children = (
				2EFE12D31E9B4FB6000A6D27 /* main.m */,
			);
			name = "Supporting Files";
			sourceTree = "<group>";
		};
		2EFE12EB1E9B4FB7000A6D27 /* AnimationTests */ = {
			isa = PBXGroup;
			children = (
				2EFE12EC1E9B4FB7000A6D27 /* AnimationTests.m */,
				2EFE12EE1E9B4FB7000A6D27 /* Info.plist */,
			);
			path = AnimationTests;
			sourceTree = "<group>";
		};
		2EFE12F61E9B4FB7000A6D27 /* AnimationUITests */ = {
			isa = PBXGroup;
			children = (
				2EFE12F71E9B4FB7000A6D27 /* AnimationUITests.m */,
				2EFE12F91E9B4FB7000A6D27 /* Info.plist */,
			);
			path = AnimationUITests;
			sourceTree = "<group>";
		};
/* End PBXGroup section */

/* Begin PBXNativeTarget section */
		2EFE12CE1E9B4FB6000A6D27 /* Animation */ = {
			isa = PBXNativeTarget;
			buildConfigurationList = 2EFE12FC1E9B4FB7000A6D27 /* Build configuration list for PBXNativeTarget "Animation" */;
			buildPhases = (
				2EFE12CB1E9B4FB6000A6D27 /* Sources */,
				2EFE12CC1E9B4FB6000A6D27 /* Frameworks */,
				2EFE12CD1E9B4FB6000A6D27 /* Resources */,
			);
			buildRules = (
			);
			dependencies = (
			);
			name = Animation;
			productName = Animation;
			productReference = 2EFE12CF1E9B4FB6000A6D27 /* Animation.app */;
			productType = "com.apple.product-type.application";
		};
		2EFE12E71E9B4FB7000A6D27 /* AnimationTests */ = {
			isa = PBXNativeTarget;
			buildConfigurationList = 2EFE12FF1E9B4FB7000A6D27 /* Build configuration list for PBXNativeTarget "AnimationTests" */;
			buildPhases = (
				2EFE12E41E9B4FB7000A6D27 /* Sources */,
				2EFE12E51E9B4FB7000A6D27 /* Frameworks */,
				2EFE12E61E9B4FB7000A6D27 /* Resources */,
			);
			buildRules = (
			);
			dependencies = (
				2EFE12EA1E9B4FB7000A6D27 /* PBXTargetDependency */,
			);
			name = AnimationTests;
			productName = AnimationTests;
			productReference = 2EFE12E81E9B4FB7000A6D27 /* AnimationTests.xctest */;
			productType = "com.apple.product-type.bundle.unit-test";
		};
		2EFE12F21E9B4FB7000A6D27 /* AnimationUITests */ = {
			isa = PBXNativeTarget;
			buildConfigurationList = 2EFE13021E9B4FB7000A6D27 /* Build configuration list for PBXNativeTarget "AnimationUITests" */;
			buildPhases = (
				2EFE12EF1E9B4FB7000A6D27 /* Sources */,
				2EFE12F01E9B4FB7000A6D27 /* Frameworks */,
				2EFE12F11E9B4FB7000A6D27 /* Resources */,
			);
			buildRules = (
			);
			dependencies = (
				2EFE12F51E9B4FB7000A6D27 /* PBXTargetDependency */,
			);
			name = AnimationUITests;
			productName = AnimationUITests;
			productReference = 2EFE12F31E9B4FB7000A6D27 /* AnimationUITests.xctest */;
			productType = "com.apple.product-type.bundle.ui-testing";
		};
/* End PBXNativeTarget section */

/* Begin PBXProject section */
		2EFE12C71E9B4FB6000A6D27 /* Project object */ = {
			isa = PBXProject;
			attributes = {
				LastUpgradeCheck = 0800;
				ORGANIZATIONNAME = View;
				TargetAttributes = {
					2EFE12CE1E9B4FB6000A6D27 = {
						CreatedOnToolsVersion = 8.0;
						ProvisioningStyle = Automatic;
					};
					2EFE12E71E9B4FB7000A6D27 = {
						CreatedOnToolsVersion = 8.0;
						ProvisioningStyle = Automatic;
						TestTargetID = 2EFE12CE1E9B4FB6000A6D27;
					};
					2EFE12F21E9B4FB7000A6D27 = {
						CreatedOnToolsVersion = 8.0;
						ProvisioningStyle = Automatic;
						TestTargetID = 2EFE12CE1E9B4FB6000A6D27;
					};
				};
			};
			buildConfigurationList = 2EFE12CA1E9B4FB6000A6D27 /* Build configuration list for PBXProject "Animation" */;
			compatibilityVersion = "Xcode 3.2";
			developmentRegion = English;
			hasScannedForEncodings = 0;
			knownRegions = (
				en,
				Base,
			);
			mainGroup = 2EFE12C61E9B4FB6000A6D27;
			productRefGroup = 2EFE12D01E9B4FB6000A6D27 /* Products */;
			projectDirPath = "";
			projectRoot = "";
			targets = (
				2EFE12CE1E9B4FB6000A6D27 /* Animation */,
				2EFE12E71E9B4FB7000A6D27 /* AnimationTests */,
				2EFE12F21E9B4FB7000A6D27 /* AnimationUITests */,
			);
		};
/* End PBXProject section */

/* Begin PBXResourcesBuildPhase section */
		2EFE12CD1E9B4FB6000A6D27 /* Resources */ = {
			isa = PBXResourcesBuildPhase;
			buildActionMask = 2147483647;
			files = (
				2EFE12E21E9B4FB6000A6D27 /* LaunchScreen.storyboard in Resources */,
				2EFE12DF1E9B4FB6000A6D27 /* Assets.xcassets in Resources */,
				2EFE12DD1E9B4FB6000A6D27 /* Main.storyboard in Resources */,
			);
			runOnlyForDeploymentPostprocessing = 0;
		};
		2EFE12E61E9B4FB7000A6D27 /* Resources */ = {
			isa = PBXResourcesBuildPhase;
			buildActionMask = 2147483647;
			files = (
			);
			runOnlyForDeploymentPostprocessing = 0;
		};
		2EFE12F11E9B4FB7000A6D27 /* Resources */ = {
			isa = PBXResourcesBuildPhase;
			buildActionMask = 2147483647;
			files = (
			);
			runOnlyForDeploymentPostprocessing = 0;
		};
/* End PBXResourcesBuildPhase section */

/* Begin PBXSourcesBuildPhase section */
		2EFE12CB1E9B4FB6000A6D27 /* Sources */ = {
			isa = PBXSourcesBuildPhase;
			buildActionMask = 2147483647;
			files = (
				2EFE12DA1E9B4FB6000A6D27 /* ViewController.m in Sources */,
				2EFE12D71E9B4FB6000A6D27 /* AppDelegate.m in Sources */,
				2EFE12D41E9B4FB6000A6D27 /* main.m in Sources */,
			);
			runOnlyForDeploymentPostprocessing = 0;
		};
		2EFE12E41E9B4FB7000A6D27 /* Sources */ = {
			isa = PBXSourcesBuildPhase;
			buildActionMask = 2147483647;
			files = (
				2EFE12ED1E9B4FB7000A6D27 /* AnimationTests.m in Sources */,
			);
			runOnlyForDeploymentPostprocessing = 0;
		};
		2EFE12EF1E9B4FB7000A6D27 /* Sources */ = {
			isa = PBXSourcesBuildPhase;
			buildActionMask = 2147483647;
			files = (
				2EFE12F81E9B4FB7000A6D27 /* AnimationUITests.m in Sources */,
			);
			runOnlyForDeploymentPostprocessing = 0;
		};
/* End PBXSourcesBuildPhase section */

/* Begin PBXTargetDependency section */
		2EFE12EA1E9B4FB7000A6D27 /* PBXTargetDependency */ = {
			isa = PBXTargetDependency;
			target = 2EFE12CE1E9B4FB6000A6D27 /* Animation */;
			targetProxy = 2EFE12E91E9B4FB7000A6D27 /* PBXContainerItemProxy */;
		};
		2EFE12F51E9B4FB7000A6D27 /* PBXTargetDependency */ = {
			isa = PBXTargetDependency;
			target = 2EFE12CE1E9B4FB6000A6D27 /* Animation */;
			targetProxy = 2EFE12F41E9B4FB7000A6D27 /* PBXContainerItemProxy */;
		};
/* End PBXTargetDependency section */

/* Begin PBXVariantGroup section */
		2EFE12DB1E9B4FB6000A6D27 /* Main.storyboard */ = {
			isa = PBXVariantGroup;
			children = (
				2EFE12DC1E9B4FB6000A6D27 /* Base */,
			);
			name = Main.storyboard;
			sourceTree = "<group>";
		};
		2EFE12E01E9B4FB6000A6D27 /* LaunchScreen.storyboard */ = {
			isa = PBXVariantGroup;
			children = (
				2EFE12E11E9B4FB6000A6D27 /* Base */,
			);
			name = LaunchScreen.storyboard;
			sourceTree = "<group>";
		};
/* End PBXVariantGroup section */

/* Begin XCBuildConfiguration section */
		2EFE12FA1E9B4FB7000A6D27 /* Debug */ = {
			isa = XCBuildConfiguration;
			buildSettings = {
				ALWAYS_SEARCH_USER_PATHS = NO;
				CLANG_ANALYZER_NONNULL = YES;
				CLANG_CXX_LANGUAGE_STANDARD = "gnu++0x";
				CLANG_CXX_LIBRARY = "libc++";
				CLANG_ENABLE_MODULES = YES;
				CLANG_ENABLE_OBJC_ARC = YES;
				CLANG_WARN_BOOL_CONVERSION = YES;
				CLANG_WARN_CONSTANT_CONVERSION = YES;
				CLANG_WARN_DIRECT_OBJC_ISA_USAGE = YES_ERROR;
				CLANG_WARN_DOCUMENTATION_COMMENTS = YES;
				CLANG_WARN_EMPTY_BODY = YES;
				CLANG_WARN_ENUM_CONVERSION = YES;
				CLANG_WARN_INFINITE_RECURSION = YES;
				CLANG_WARN_INT_CONVERSION = YES;
				CLANG_WARN_OBJC_ROOT_CLASS = YES_ERROR;
				CLANG_WARN_SUSPICIOUS_MOVES = YES;
				CLANG_WARN_UNREACHABLE_CODE = YES;
				CLANG_WARN__DUPLICATE_METHOD_MATCH = YES;
				"CODE_SIGN_IDENTITY[sdk=iphoneos*]" = "iPhone Developer";
				COPY_PHASE_STRIP = NO;
				DEBUG_INFORMATION_FORMAT = dwarf;
				ENABLE_STRICT_OBJC_MSGSEND = YES;
				ENABLE_TESTABILITY = YES;
				GCC_C_LANGUAGE_STANDARD = gnu99;
				GCC_DYNAMIC_NO_PIC = NO;
				GCC_NO_COMMON_BLOCKS = YES;
				GCC_OPTIMIZATION_LEVEL = 0;
				GCC_PREPROCESSOR_DEFINITIONS = (
					"DEBUG=1",
					"$(inherited)",
				);
				GCC_WARN_64_TO_32_BIT_CONVERSION = YES;
				GCC_WARN_ABOUT_RETURN_TYPE = YES_ERROR;
				GCC_WARN_UNDECLARED_SELECTOR = YES;
				GCC_WARN_UNINITIALIZED_AUTOS = YES_AGGRESSIVE;
				GCC_WARN_UNUSED_FUNCTION = YES;
				GCC_WARN_UNUSED_VARIABLE = YES;
				IPHONEOS_DEPLOYMENT_TARGET = 10.0;
				MTL_ENABLE_DEBUG_INFO = YES;
				ONLY_ACTIVE_ARCH = YES;
				SDKROOT = iphoneos;
			};
			name = Debug;
		};
		2EFE12FB1E9B4FB7000A6D27 /* Release */ = {
			isa = XCBuildConfiguration;
			buildSettings = {
				ALWAYS_SEARCH_USER_PATHS = NO;
				CLANG_ANALYZER_NONNULL = YES;
				CLANG_CXX_LANGUAGE_STANDARD = "gnu++0x";
				CLANG_CXX_LIBRARY = "libc++";
				CLANG_ENABLE_MODULES = YES;
				CLANG_ENABLE_OBJC_ARC = YES;
				CLANG_WARN_BOOL_CONVERSION = YES;
				CLANG_WARN_CONSTANT_CONVERSION = YES;
				CLANG_WARN_DIRECT_OBJC_ISA_USAGE = YES_ERROR;
				CLANG_WARN_DOCUMENTATION_COMMENTS = YES;
				CLANG_WARN_EMPTY_BODY = YES;
				CLANG_WARN_ENUM_CONVERSION = YES;
				CLANG_WARN_INFINITE_RECURSION = YES;
				CLANG_WARN_INT_CONVERSION = YES;
				CLANG_WARN_OBJC_ROOT_CLASS = YES_ERROR;
				CLANG_WARN_SUSPICIOUS_MOVES = YES;
				CLANG_WARN_UNREACHABLE_CODE = YES;
				CLANG_WARN__DUPLICATE_METHOD_MATCH = YES;
				"CODE_SIGN_IDENTITY[sdk=iphoneos*]" = "iPhone Developer";
				COPY_PHASE_STRIP = NO;
				DEBUG_INFORMATION_FORMAT = "dwarf-with-dsym";
				ENABLE_NS_ASSERTIONS = NO;
				ENABLE_STRICT_OBJC_MSGSEND = YES;
				GCC_C_LANGUAGE_STANDARD = gnu99;
				GCC_NO_COMMON_BLOCKS = YES;
				GCC_WARN_64_TO_32_BIT_CONVERSION = YES;
				GCC_WARN_ABOUT_RETURN_TYPE = YES_ERROR;
				GCC_WARN_UNDECLARED_SELECTOR = YES;
				GCC_WARN_UNINITIALIZED_AUTOS = YES_AGGRESSIVE;
				GCC_WARN_UNUSED_FUNCTION = YES;
				GCC_WARN_UNUSED_VARIABLE = YES;
				IPHONEOS_DEPLOYMENT_TARGET = 10.0;
				MTL_ENABLE_DEBUG_INFO = NO;
				SDKROOT = iphoneos;
				VALIDATE_PRODUCT = YES;
			};
			name = Release;
		};
		2EFE12FD1E9B4FB7000A6D27 /* Debug */ = {
			isa = XCBuildConfiguration;
			buildSettings = {
				ASSETCATALOG_COMPILER_APPICON_NAME = AppIcon;
				INFOPLIST_FILE = Animation/Info.plist;
				LD_RUNPATH_SEARCH_PATHS = "$(inherited) @executable_path/Frameworks";
				PRODUCT_BUNDLE_IDENTIFIER = com.test.Animation;
				PRODUCT_NAME = "$(TARGET_NAME)";
			};
			name = Debug;
		};
		2EFE12FE1E9B4FB7000A6D27 /* Release */ = {
			isa = XCBuildConfiguration;
			buildSettings = {
				ASSETCATALOG_COMPILER_APPICON_NAME = AppIcon;
				INFOPLIST_FILE = Animation/Info.plist;
				LD_RUNPATH_SEARCH_PATHS = "$(inherited) @executable_path/Frameworks";
				PRODUCT_BUNDLE_IDENTIFIER = com.test.Animation;
				PRODUCT_NAME = "$(TARGET_NAME)";
			};
			name = Release;
		};
		2EFE13001E9B4FB7000A6D27 /* Debug */ = {
			isa = XCBuildConfiguration;
			buildSettings = {
				BUNDLE_LOADER = "$(TEST_HOST)";
				INFOPLIST_FILE = AnimationTests/Info.plist;
				LD_RUNPATH_SEARCH_PATHS = "$(inherited) @executable_path/Frameworks @loader_path/Frameworks";
				PRODUCT_BUNDLE_IDENTIFIER = com.test.AnimationTests;
				PRODUCT_NAME = "$(TARGET_NAME)";
				TEST_HOST = "$(BUILT_PRODUCTS_DIR)/Animation.app/Animation";
			};
			name = Debug;
		};
		2EFE13011E9B4FB7000A6D27 /* Release */ = {
			isa = XCBuildConfiguration;
			buildSettings = {
				BUNDLE_LOADER = "$(TEST_HOST)";
				INFOPLIST_FILE = AnimationTests/Info.plist;
				LD_RUNPATH_SEARCH_PATHS = "$(inherited) @executable_path/Frameworks @loader_path/Frameworks";
				PRODUCT_BUNDLE_IDENTIFIER = com.test.AnimationTests;
				PRODUCT_NAME = "$(TARGET_NAME)";
				TEST_HOST = "$(BUILT_PRODUCTS_DIR)/Animation.app/Animation";
			};
			name = Release;
		};
		2EFE13031E9B4FB7000A6D27 /* Debug */ = {
			isa = XCBuildConfiguration;
			buildSettings = {
				INFOPLIST_FILE = AnimationUITests/Info.plist;
				LD_RUNPATH_SEARCH_PATHS = "$(inherited) @executable_path/Frameworks @loader_path/Frameworks";
				PRODUCT_BUNDLE_IDENTIFIER = com.test.AnimationUITests;
				PRODUCT_NAME = "$(TARGET_NAME)";
				TEST_TARGET_NAME = Animation;
			};
			name = Debug;
		};
		2EFE13041E9B4FB7000A6D27 /* Release */ = {
			isa = XCBuildConfiguration;
			buildSettings = {
				INFOPLIST_FILE = AnimationUITests/Info.plist;
				LD_RUNPATH_SEARCH_PATHS = "$(inherited) @executable_path/Frameworks @loader_path/Frameworks";
				PRODUCT_BUNDLE_IDENTIFIER = com.test.AnimationUITests;
				PRODUCT_NAME = "$(TARGET_NAME)";
				TEST_TARGET_NAME = Animation;
			};
			name = Release;
		};
/* End XCBuildConfiguration section */

/* Begin XCConfigurationList section */
		2EFE12CA1E9B4FB6000A6D27 /* Build configuration list for PBXProject "Animation" */ = {
			isa = XCConfigurationList;
			buildConfigurations = (
				2EFE12FA1E9B4FB7000A6D27 /* Debug */,
				2EFE12FB1E9B4FB7000A6D27 /* Release */,
			);
			defaultConfigurationIsVisible = 0;
			defaultConfigurationName = Release;
		};
		2EFE12FC1E9B4FB7000A6D27 /* Build configuration list for PBXNativeTarget "Animation" */ = {
			isa = XCConfigurationList;
			buildConfigurations = (
				2EFE12FD1E9B4FB7000A6D27 /* Debug */,
				2EFE12FE1E9B4FB7000A6D27 /* Release */,
			);
			defaultConfigurationIsVisible = 0;
		};
		2EFE12FF1E9B4FB7000A6D27 /* Build configuration list for PBXNativeTarget "AnimationTests" */ = {
			isa = XCConfigurationList;
			buildConfigurations = (
				2EFE13001E9B4FB7000A6D27 /* Debug */,
				2EFE13011E9B4FB7000A6D27 /* Release */,
			);
			defaultConfigurationIsVisible = 0;
		};
		2EFE13021E9B4FB7000A6D27 /* Build configuration list for PBXNativeTarget "AnimationUITests" */ = {
			isa = XCConfigurationList;
			buildConfigurations = (
				2EFE13031E9B4FB7000A6D27 /* Debug */,
				2EFE13041E9B4FB7000A6D27 /* Release */,
			);
			defaultConfigurationIsVisible = 0;
		};
/* End XCConfigurationList section */
	};
	rootObject = 2EFE12C71E9B4FB6000A6D27 /* Project object */;
}
